// !$*UTF8*$!
{
	archiveVersion = 1;
	classes = {
	};
	objectVersion = 50;
	objects = {

/* Begin PBXBuildFile section */
		1869AF4823D16493005F35B3 /* AppDelegate.swift in Sources */ = {isa = PBXBuildFile; fileRef = 1869AF4723D16493005F35B3 /* AppDelegate.swift */; };
		1869AF4A23D16493005F35B3 /* SceneDelegate.swift in Sources */ = {isa = PBXBuildFile; fileRef = 1869AF4923D16493005F35B3 /* SceneDelegate.swift */; };
		1869AF4C23D16493005F35B3 /* ViewController.swift in Sources */ = {isa = PBXBuildFile; fileRef = 1869AF4B23D16493005F35B3 /* ViewController.swift */; };
		1869AF4F23D16493005F35B3 /* Main.storyboard in Resources */ = {isa = PBXBuildFile; fileRef = 1869AF4D23D16493005F35B3 /* Main.storyboard */; };
		1869AF5123D16495005F35B3 /* Assets.xcassets in Resources */ = {isa = PBXBuildFile; fileRef = 1869AF5023D16495005F35B3 /* Assets.xcassets */; };
		1869AF5423D16495005F35B3 /* LaunchScreen.storyboard in Resources */ = {isa = PBXBuildFile; fileRef = 1869AF5223D16495005F35B3 /* LaunchScreen.storyboard */; };
		1869AF5C23D16544005F35B3 /* NewsListTableViewController.swift in Sources */ = {isa = PBXBuildFile; fileRef = 1869AF5B23D16544005F35B3 /* NewsListTableViewController.swift */; };
		1869AF5E23D166A1005F35B3 /* WebService.swift in Sources */ = {isa = PBXBuildFile; fileRef = 1869AF5D23D166A1005F35B3 /* WebService.swift */; };
		1869AF6023D16B5C005F35B3 /* Article.swift in Sources */ = {isa = PBXBuildFile; fileRef = 1869AF5F23D16B5C005F35B3 /* Article.swift */; };
		1869AF6223D17299005F35B3 /* ArticleViewModel.swift in Sources */ = {isa = PBXBuildFile; fileRef = 1869AF6123D17299005F35B3 /* ArticleViewModel.swift */; };
		1869AF6423D17904005F35B3 /* NewsListTableViewCell.swift in Sources */ = {isa = PBXBuildFile; fileRef = 1869AF6323D17904005F35B3 /* NewsListTableViewCell.swift */; };
/* End PBXBuildFile section */

/* Begin PBXFileReference section */
		1869AF4423D16493005F35B3 /* NewsAppMVVM.app */ = {isa = PBXFileReference; explicitFileType = wrapper.application; includeInIndex = 0; path = NewsAppMVVM.app; sourceTree = BUILT_PRODUCTS_DIR; };
		1869AF4723D16493005F35B3 /* AppDelegate.swift */ = {isa = PBXFileReference; lastKnownFileType = sourcecode.swift; path = AppDelegate.swift; sourceTree = "<group>"; };
		1869AF4923D16493005F35B3 /* SceneDelegate.swift */ = {isa = PBXFileReference; lastKnownFileType = sourcecode.swift; path = SceneDelegate.swift; sourceTree = "<group>"; };
		1869AF4B23D16493005F35B3 /* ViewController.swift */ = {isa = PBXFileReference; lastKnownFileType = sourcecode.swift; path = ViewController.swift; sourceTree = "<group>"; };
		1869AF4E23D16493005F35B3 /* Base */ = {isa = PBXFileReference; lastKnownFileType = file.storyboard; name = Base; path = Base.lproj/Main.storyboard; sourceTree = "<group>"; };
		1869AF5023D16495005F35B3 /* Assets.xcassets */ = {isa = PBXFileReference; lastKnownFileType = folder.assetcatalog; path = Assets.xcassets; sourceTree = "<group>"; };
		1869AF5323D16495005F35B3 /* Base */ = {isa = PBXFileReference; lastKnownFileType = file.storyboard; name = Base; path = Base.lproj/LaunchScreen.storyboard; sourceTree = "<group>"; };
		1869AF5523D16495005F35B3 /* Info.plist */ = {isa = PBXFileReference; lastKnownFileType = text.plist.xml; path = Info.plist; sourceTree = "<group>"; };
		1869AF5B23D16544005F35B3 /* NewsListTableViewController.swift */ = {isa = PBXFileReference; lastKnownFileType = sourcecode.swift; path = NewsListTableViewController.swift; sourceTree = "<group>"; };
		1869AF5D23D166A1005F35B3 /* WebService.swift */ = {isa = PBXFileReference; lastKnownFileType = sourcecode.swift; path = WebService.swift; sourceTree = "<group>"; };
		1869AF5F23D16B5C005F35B3 /* Article.swift */ = {isa = PBXFileReference; lastKnownFileType = sourcecode.swift; path = Article.swift; sourceTree = "<group>"; };
		1869AF6123D17299005F35B3 /* ArticleViewModel.swift */ = {isa = PBXFileReference; lastKnownFileType = sourcecode.swift; path = ArticleViewModel.swift; sourceTree = "<group>"; };
		1869AF6323D17904005F35B3 /* NewsListTableViewCell.swift */ = {isa = PBXFileReference; lastKnownFileType = sourcecode.swift; path = NewsListTableViewCell.swift; sourceTree = "<group>"; };
/* End PBXFileReference section */

/* Begin PBXFrameworksBuildPhase section */
		1869AF4123D16493005F35B3 /* Frameworks */ = {
			isa = PBXFrameworksBuildPhase;
			buildActionMask = 2147483647;
			files = (
			);
			runOnlyForDeploymentPostprocessing = 0;
		};
/* End PBXFrameworksBuildPhase section */

/* Begin PBXGroup section */
		1869AF3B23D16493005F35B3 = {
			isa = PBXGroup;
			children = (
				1869AF4623D16493005F35B3 /* NewsAppMVVM */,
				1869AF4523D16493005F35B3 /* Products */,
			);
			sourceTree = "<group>";
		};
		1869AF4523D16493005F35B3 /* Products */ = {
			isa = PBXGroup;
			children = (
				1869AF4423D16493005F35B3 /* NewsAppMVVM.app */,
			);
			name = Products;
			sourceTree = "<group>";
		};
		1869AF4623D16493005F35B3 /* NewsAppMVVM */ = {
			isa = PBXGroup;
			children = (
				1869AF4723D16493005F35B3 /* AppDelegate.swift */,
				1869AF4923D16493005F35B3 /* SceneDelegate.swift */,
				1869AF6723D17982005F35B3 /* Model */,
				1869AF6623D17976005F35B3 /* ViewModel */,
				1869AF6523D17961005F35B3 /* View */,
				1869AF5023D16495005F35B3 /* Assets.xcassets */,
				1869AF5223D16495005F35B3 /* LaunchScreen.storyboard */,
				1869AF5523D16495005F35B3 /* Info.plist */,
			);
			path = NewsAppMVVM;
			sourceTree = "<group>";
		};
		1869AF6523D17961005F35B3 /* View */ = {
			isa = PBXGroup;
			children = (
				1869AF4B23D16493005F35B3 /* ViewController.swift */,
				1869AF4D23D16493005F35B3 /* Main.storyboard */,
				1869AF5B23D16544005F35B3 /* NewsListTableViewController.swift */,
				1869AF6323D17904005F35B3 /* NewsListTableViewCell.swift */,
			);
			path = View;
			sourceTree = "<group>";
		};
		1869AF6623D17976005F35B3 /* ViewModel */ = {
			isa = PBXGroup;
			children = (
				1869AF6123D17299005F35B3 /* ArticleViewModel.swift */,
				1869AF5D23D166A1005F35B3 /* WebService.swift */,
			);
			path = ViewModel;
			sourceTree = "<group>";
		};
		1869AF6723D17982005F35B3 /* Model */ = {
			isa = PBXGroup;
			children = (
				1869AF5F23D16B5C005F35B3 /* Article.swift */,
			);
			path = Model;
			sourceTree = "<group>";
		};
/* End PBXGroup section */

/* Begin PBXNativeTarget section */
		1869AF4323D16493005F35B3 /* NewsAppMVVM */ = {
			isa = PBXNativeTarget;
			buildConfigurationList = 1869AF5823D16495005F35B3 /* Build configuration list for PBXNativeTarget "NewsAppMVVM" */;
			buildPhases = (
				1869AF4023D16493005F35B3 /* Sources */,
				1869AF4123D16493005F35B3 /* Frameworks */,
				1869AF4223D16493005F35B3 /* Resources */,
			);
			buildRules = (
			);
			dependencies = (
			);
			name = NewsAppMVVM;
			productName = NewsAppMVVM;
			productReference = 1869AF4423D16493005F35B3 /* NewsAppMVVM.app */;
			productType = "com.apple.product-type.application";
		};
/* End PBXNativeTarget section */

/* Begin PBXProject section */
		1869AF3C23D16493005F35B3 /* Project object */ = {
			isa = PBXProject;
			attributes = {
				LastSwiftUpdateCheck = 1130;
				LastUpgradeCheck = 1130;
				ORGANIZATIONNAME = yamolean;
				TargetAttributes = {
					1869AF4323D16493005F35B3 = {
						CreatedOnToolsVersion = 11.3;
					};
				};
			};
			buildConfigurationList = 1869AF3F23D16493005F35B3 /* Build configuration list for PBXProject "NewsAppMVVM" */;
			compatibilityVersion = "Xcode 9.3";
			developmentRegion = en;
			hasScannedForEncodings = 0;
			knownRegions = (
				en,
				Base,
			);
			mainGroup = 1869AF3B23D16493005F35B3;
			productRefGroup = 1869AF4523D16493005F35B3 /* Products */;
			projectDirPath = "";
			projectRoot = "";
			targets = (
				1869AF4323D16493005F35B3 /* NewsAppMVVM */,
			);
		};
/* End PBXProject section */

/* Begin PBXResourcesBuildPhase section */
		1869AF4223D16493005F35B3 /* Resources */ = {
			isa = PBXResourcesBuildPhase;
			buildActionMask = 2147483647;
			files = (
				1869AF5423D16495005F35B3 /* LaunchScreen.storyboard in Resources */,
				1869AF5123D16495005F35B3 /* Assets.xcassets in Resources */,
				1869AF4F23D16493005F35B3 /* Main.storyboard in Resources */,
			);
			runOnlyForDeploymentPostprocessing = 0;
		};
/* End PBXResourcesBuildPhase section */

/* Begin PBXSourcesBuildPhase section */
		1869AF4023D16493005F35B3 /* Sources */ = {
			isa = PBXSourcesBuildPhase;
			buildActionMask = 2147483647;
			files = (
				1869AF5C23D16544005F35B3 /* NewsListTableViewController.swift in Sources */,
				1869AF4C23D16493005F35B3 /* ViewController.swift in Sources */,
				1869AF6423D17904005F35B3 /* NewsListTableViewCell.swift in Sources */,
				1869AF6023D16B5C005F35B3 /* Article.swift in Sources */,
				1869AF4823D16493005F35B3 /* AppDelegate.swift in Sources */,
				1869AF5E23D166A1005F35B3 /* WebService.swift in Sources */,
				1869AF6223D17299005F35B3 /* ArticleViewModel.swift in Sources */,
				1869AF4A23D16493005F35B3 /* SceneDelegate.swift in Sources */,
			);
			runOnlyForDeploymentPostprocessing = 0;
		};
/* End PBXSourcesBuildPhase section */

/* Begin PBXVariantGroup section */
		1869AF4D23D16493005F35B3 /* Main.storyboard */ = {
			isa = PBXVariantGroup;
			children = (
				1869AF4E23D16493005F35B3 /* Base */,
			);
			name = Main.storyboard;
			sourceTree = "<group>";
		};
		1869AF5223D16495005F35B3 /* LaunchScreen.storyboard */ = {
			isa = PBXVariantGroup;
			children = (
				1869AF5323D16495005F35B3 /* Base */,
			);
			name = LaunchScreen.storyboard;
			sourceTree = "<group>";
		};
/* End PBXVariantGroup section */

/* Begin XCBuildConfiguration section */
		1869AF5623D16495005F35B3 /* Debug */ = {
			isa = XCBuildConfiguration;
			buildSettings = {
				ALWAYS_SEARCH_USER_PATHS = NO;
				CLANG_ANALYZER_NONNULL = YES;
				CLANG_ANALYZER_NUMBER_OBJECT_CONVERSION = YES_AGGRESSIVE;
				CLANG_CXX_LANGUAGE_STANDARD = "gnu++14";
				CLANG_CXX_LIBRARY = "libc++";
				CLANG_ENABLE_MODULES = YES;
				CLANG_ENABLE_OBJC_ARC = YES;
				CLANG_ENABLE_OBJC_WEAK = YES;
				CLANG_WARN_BLOCK_CAPTURE_AUTORELEASING = YES;
				CLANG_WARN_BOOL_CONVERSION = YES;
				CLANG_WARN_COMMA = YES;
				CLANG_WARN_CONSTANT_CONVERSION = YES;
				CLANG_WARN_DEPRECATED_OBJC_IMPLEMENTATIONS = YES;
				CLANG_WARN_DIRECT_OBJC_ISA_USAGE = YES_ERROR;
				CLANG_WARN_DOCUMENTATION_COMMENTS = YES;
				CLANG_WARN_EMPTY_BODY = YES;
				CLANG_WARN_ENUM_CONVERSION = YES;
				CLANG_WARN_INFINITE_RECURSION = YES;
				CLANG_WARN_INT_CONVERSION = YES;
				CLANG_WARN_NON_LITERAL_NULL_CONVERSION = YES;
				CLANG_WARN_OBJC_IMPLICIT_RETAIN_SELF = YES;
				CLANG_WARN_OBJC_LITERAL_CONVERSION = YES;
				CLANG_WARN_OBJC_ROOT_CLASS = YES_ERROR;
				CLANG_WARN_RANGE_LOOP_ANALYSIS = YES;
				CLANG_WARN_STRICT_PROTOTYPES = YES;
				CLANG_WARN_SUSPICIOUS_MOVE = YES;
				CLANG_WARN_UNGUARDED_AVAILABILITY = YES_AGGRESSIVE;
				CLANG_WARN_UNREACHABLE_CODE = YES;
				CLANG_WARN__DUPLICATE_METHOD_MATCH = YES;
				COPY_PHASE_STRIP = NO;
				DEBUG_INFORMATION_FORMAT = dwarf;
				ENABLE_STRICT_OBJC_MSGSEND = YES;
				ENABLE_TESTABILITY = YES;
				GCC_C_LANGUAGE_STANDARD = gnu11;
				GCC_DYNAMIC_NO_PIC = NO;
				GCC_NO_COMMON_BLOCKS = YES;
				GCC_OPTIMIZATION_LEVEL = 0;
				GCC_PREPROCESSOR_DEFINITIONS = (
					"DEBUG=1",
					"$(inherited)",
				);
				GCC_WARN_64_TO_32_BIT_CONVERSION = YES;
				GCC_WARN_ABOUT_RETURN_TYPE = YES_ERROR;
				GCC_WARN_UNDECLARED_SELECTOR = YES;
				GCC_WARN_UNINITIALIZED_AUTOS = YES_AGGRESSIVE;
				GCC_WARN_UNUSED_FUNCTION = YES;
				GCC_WARN_UNUSED_VARIABLE = YES;
				IPHONEOS_DEPLOYMENT_TARGET = 13.2;
				MTL_ENABLE_DEBUG_INFO = INCLUDE_SOURCE;
				MTL_FAST_MATH = YES;
				ONLY_ACTIVE_ARCH = YES;
				SDKROOT = iphoneos;
				SWIFT_ACTIVE_COMPILATION_CONDITIONS = DEBUG;
				SWIFT_OPTIMIZATION_LEVEL = "-Onone";
			};
			name = Debug;
		};
		1869AF5723D16495005F35B3 /* Release */ = {
			isa = XCBuildConfiguration;
			buildSettings = {
				ALWAYS_SEARCH_USER_PATHS = NO;
				CLANG_ANALYZER_NONNULL = YES;
				CLANG_ANALYZER_NUMBER_OBJECT_CONVERSION = YES_AGGRESSIVE;
				CLANG_CXX_LANGUAGE_STANDARD = "gnu++14";
				CLANG_CXX_LIBRARY = "libc++";
				CLANG_ENABLE_MODULES = YES;
				CLANG_ENABLE_OBJC_ARC = YES;
				CLANG_ENABLE_OBJC_WEAK = YES;
				CLANG_WARN_BLOCK_CAPTURE_AUTORELEASING = YES;
				CLANG_WARN_BOOL_CONVERSION = YES;
				CLANG_WARN_COMMA = YES;
				CLANG_WARN_CONSTANT_CONVERSION = YES;
				CLANG_WARN_DEPRECATED_OBJC_IMPLEMENTATIONS = YES;
				CLANG_WARN_DIRECT_OBJC_ISA_USAGE = YES_ERROR;
				CLANG_WARN_DOCUMENTATION_COMMENTS = YES;
				CLANG_WARN_EMPTY_BODY = YES;
				CLANG_WARN_ENUM_CONVERSION = YES;
				CLANG_WARN_INFINITE_RECURSION = YES;
				CLANG_WARN_INT_CONVERSION = YES;
				CLANG_WARN_NON_LITERAL_NULL_CONVERSION = YES;
				CLANG_WARN_OBJC_IMPLICIT_RETAIN_SELF = YES;
				CLANG_WARN_OBJC_LITERAL_CONVERSION = YES;
				CLANG_WARN_OBJC_ROOT_CLASS = YES_ERROR;
				CLANG_WARN_RANGE_LOOP_ANALYSIS = YES;
				CLANG_WARN_STRICT_PROTOTYPES = YES;
				CLANG_WARN_SUSPICIOUS_MOVE = YES;
				CLANG_WARN_UNGUARDED_AVAILABILITY = YES_AGGRESSIVE;
				CLANG_WARN_UNREACHABLE_CODE = YES;
				CLANG_WARN__DUPLICATE_METHOD_MATCH = YES;
				COPY_PHASE_STRIP = NO;
				DEBUG_INFORMATION_FORMAT = "dwarf-with-dsym";
				ENABLE_NS_ASSERTIONS = NO;
				ENABLE_STRICT_OBJC_MSGSEND = YES;
				GCC_C_LANGUAGE_STANDARD = gnu11;
				GCC_NO_COMMON_BLOCKS = YES;
				GCC_WARN_64_TO_32_BIT_CONVERSION = YES;
				GCC_WARN_ABOUT_RETURN_TYPE = YES_ERROR;
				GCC_WARN_UNDECLARED_SELECTOR = YES;
				GCC_WARN_UNINITIALIZED_AUTOS = YES_AGGRESSIVE;
				GCC_WARN_UNUSED_FUNCTION = YES;
				GCC_WARN_UNUSED_VARIABLE = YES;
				IPHONEOS_DEPLOYMENT_TARGET = 13.2;
				MTL_ENABLE_DEBUG_INFO = NO;
				MTL_FAST_MATH = YES;
				SDKROOT = iphoneos;
				SWIFT_COMPILATION_MODE = wholemodule;
				SWIFT_OPTIMIZATION_LEVEL = "-O";
				VALIDATE_PRODUCT = YES;
			};
			name = Release;
		};
		1869AF5923D16495005F35B3 /* Debug */ = {
			isa = XCBuildConfiguration;
			buildSettings = {
				ASSETCATALOG_COMPILER_APPICON_NAME = AppIcon;
				CODE_SIGN_STYLE = Automatic;
				INFOPLIST_FILE = NewsAppMVVM/Info.plist;
				LD_RUNPATH_SEARCH_PATHS = (
					"$(inherited)",
					"@executable_path/Frameworks",
				);
				PRODUCT_BUNDLE_IDENTIFIER = yamolean.NewsAppMVVM;
				PRODUCT_NAME = "$(TARGET_NAME)";
				SWIFT_VERSION = 5.0;
				TARGETED_DEVICE_FAMILY = "1,2";
			};
			name = Debug;
		};
		1869AF5A23D16495005F35B3 /* Release */ = {
			isa = XCBuildConfiguration;
			buildSettings = {
				ASSETCATALOG_COMPILER_APPICON_NAME = AppIcon;
				CODE_SIGN_STYLE = Automatic;
				INFOPLIST_FILE = NewsAppMVVM/Info.plist;
				LD_RUNPATH_SEARCH_PATHS = (
					"$(inherited)",
					"@executable_path/Frameworks",
				);
				PRODUCT_BUNDLE_IDENTIFIER = yamolean.NewsAppMVVM;
				PRODUCT_NAME = "$(TARGET_NAME)";
				SWIFT_VERSION = 5.0;
				TARGETED_DEVICE_FAMILY = "1,2";
			};
			name = Release;
		};
/* End XCBuildConfiguration section */

/* Begin XCConfigurationList section */
		1869AF3F23D16493005F35B3 /* Build configuration list for PBXProject "NewsAppMVVM" */ = {
			isa = XCConfigurationList;
			buildConfigurations = (
				1869AF5623D16495005F35B3 /* Debug */,
				1869AF5723D16495005F35B3 /* Release */,
			);
			defaultConfigurationIsVisible = 0;
			defaultConfigurationName = Release;
		};
		1869AF5823D16495005F35B3 /* Build configuration list for PBXNativeTarget "NewsAppMVVM" */ = {
			isa = XCConfigurationList;
			buildConfigurations = (
				1869AF5923D16495005F35B3 /* Debug */,
				1869AF5A23D16495005F35B3 /* Release */,
			);
			defaultConfigurationIsVisible = 0;
			defaultConfigurationName = Release;
		};
/* End XCConfigurationList section */
	};
	rootObject = 1869AF3C23D16493005F35B3 /* Project object */;
}
